
Microsoft Visual Studio Solution File, Format Version 12.00
# Visual Studio Version 17
VisualStudioVersion = 17.5.33414.496
MinimumVisualStudioVersion = 10.0.40219.1
Project("{9A19103F-16F7-4668-BE54-9A1E7A4F7556}") = "FluentRegularExpression", "FluentRegularExpression\FluentRegularExpression.csproj", "{80916F49-5B3D-4815-82F3-EB7BAC74E9BE}"
EndProject
Project("{9A19103F-16F7-4668-BE54-9A1E7A4F7556}") = "FluentRegularExpression.Tests", "FluentRegularExpression.Tests\FluentRegularExpression.Tests.csproj", "{451E6F03-11C0-45BE-B3C7-49CB59E4E5D5}"
EndProject
Global
	GlobalSection(SolutionConfigurationPlatforms) = preSolution
		Debug|Any CPU = Debug|Any CPU
		Release|Any CPU = Release|Any CPU
	EndGlobalSection
	GlobalSection(ProjectConfigurationPlatforms) = postSolution
		{80916F49-5B3D-4815-82F3-EB7BAC74E9BE}.Debug|Any CPU.ActiveCfg = Debug|Any CPU
		{80916F49-5B3D-4815-82F3-EB7BAC74E9BE}.Debug|Any CPU.Build.0 = Debug|Any CPU
		{80916F49-5B3D-4815-82F3-EB7BAC74E9BE}.Release|Any CPU.ActiveCfg = Release|Any CPU
		{80916F49-5B3D-4815-82F3-EB7BAC74E9BE}.Release|Any CPU.Build.0 = Release|Any CPU
		{451E6F03-11C0-45BE-B3C7-49CB59E4E5D5}.Debug|Any CPU.ActiveCfg = Debug|Any CPU
		{451E6F03-11C0-45BE-B3C7-49CB59E4E5D5}.Debug|Any CPU.Build.0 = Debug|Any CPU
		{451E6F03-11C0-45BE-B3C7-49CB59E4E5D5}.Release|Any CPU.ActiveCfg = Release|Any CPU
		{451E6F03-11C0-45BE-B3C7-49CB59E4E5D5}.Release|Any CPU.Build.0 = Release|Any CPU
	EndGlobalSection
	GlobalSection(SolutionProperties) = preSolution
		HideSolutionNode = FALSE
	EndGlobalSection
	GlobalSection(ExtensibilityGlobals) = postSolution
		SolutionGuid = {B7130EAD-9546-4D10-B2C0-0B9F04941DC3}
	EndGlobalSection
EndGlobal
